// !$*UTF8*$!
{
	archiveVersion = 1;
	classes = {
	};
	objectVersion = 50;
	objects = {

/* Begin PBXBuildFile section */
		8E31528024BFC765000DC5F3 /* AppDelegate.swift in Sources */ = {isa = PBXBuildFile; fileRef = 8E31527F24BFC765000DC5F3 /* AppDelegate.swift */; };
		8E31528224BFC765000DC5F3 /* SceneDelegate.swift in Sources */ = {isa = PBXBuildFile; fileRef = 8E31528124BFC765000DC5F3 /* SceneDelegate.swift */; };
		8E31528724BFC765000DC5F3 /* Start.storyboard in Resources */ = {isa = PBXBuildFile; fileRef = 8E31528524BFC765000DC5F3 /* Start.storyboard */; };
		8E31528924BFC766000DC5F3 /* Assets.xcassets in Resources */ = {isa = PBXBuildFile; fileRef = 8E31528824BFC766000DC5F3 /* Assets.xcassets */; };
		8E31528C24BFC766000DC5F3 /* LaunchScreen.storyboard in Resources */ = {isa = PBXBuildFile; fileRef = 8E31528A24BFC766000DC5F3 /* LaunchScreen.storyboard */; };
		8E31529424BFCB32000DC5F3 /* SignInViewController.swift in Sources */ = {isa = PBXBuildFile; fileRef = 8E31529324BFCB32000DC5F3 /* SignInViewController.swift */; };
		8E43CC7A24CF586100D460F8 /* GoogleService-Info.plist in Resources */ = {isa = PBXBuildFile; fileRef = 8E43CC7924CF586100D460F8 /* GoogleService-Info.plist */; };
		8EAFA65324C0EEE900D6E1FA /* SignUpViewController.swift in Sources */ = {isa = PBXBuildFile; fileRef = 8EAFA65224C0EEE900D6E1FA /* SignUpViewController.swift */; };
		8ECA5DF324C639E1005153AD /* HomeViewController.swift in Sources */ = {isa = PBXBuildFile; fileRef = 8ECA5DF224C639E1005153AD /* HomeViewController.swift */; };
		8ECA5DF524C63A31005153AD /* ExploreViewController.swift in Sources */ = {isa = PBXBuildFile; fileRef = 8ECA5DF424C63A31005153AD /* ExploreViewController.swift */; };
		8ECA5DF724C63A4C005153AD /* PostViewController.swift in Sources */ = {isa = PBXBuildFile; fileRef = 8ECA5DF624C63A4C005153AD /* PostViewController.swift */; };
		8ECA5DF924C63A61005153AD /* NotificationsViewController.swift in Sources */ = {isa = PBXBuildFile; fileRef = 8ECA5DF824C63A61005153AD /* NotificationsViewController.swift */; };
		8ECA5DFB24C63A90005153AD /* ProfileViewController.swift in Sources */ = {isa = PBXBuildFile; fileRef = 8ECA5DFA24C63A90005153AD /* ProfileViewController.swift */; };
		8ECA5DFD24C64B73005153AD /* Main.storyboard in Resources */ = {isa = PBXBuildFile; fileRef = 8ECA5DFC24C64B73005153AD /* Main.storyboard */; };
		8ECA5DFF24C6552A005153AD /* Home.storyboard in Resources */ = {isa = PBXBuildFile; fileRef = 8ECA5DFE24C6552A005153AD /* Home.storyboard */; };
		8ECA5E0124C65590005153AD /* Explore.storyboard in Resources */ = {isa = PBXBuildFile; fileRef = 8ECA5E0024C65590005153AD /* Explore.storyboard */; };
		8ECA5E0324C655C5005153AD /* Post.storyboard in Resources */ = {isa = PBXBuildFile; fileRef = 8ECA5E0224C655C5005153AD /* Post.storyboard */; };
		8ECA5E0524C65620005153AD /* Notifications.storyboard in Resources */ = {isa = PBXBuildFile; fileRef = 8ECA5E0424C65620005153AD /* Notifications.storyboard */; };
		8ECA5E0724C65681005153AD /* Profile.storyboard in Resources */ = {isa = PBXBuildFile; fileRef = 8ECA5E0624C65681005153AD /* Profile.storyboard */; };
		990A8D3778A0938D7BB4031A /* Pods_Instagram_Clone.framework in Frameworks */ = {isa = PBXBuildFile; fileRef = C9E8EBD542DBCEB91F69BA13 /* Pods_Instagram_Clone.framework */; };
/* End PBXBuildFile section */

/* Begin PBXFileReference section */
		373FFAAC7E7248A3DEE6B875 /* Pods-Instagram Clone.debug.xcconfig */ = {isa = PBXFileReference; includeInIndex = 1; lastKnownFileType = text.xcconfig; name = "Pods-Instagram Clone.debug.xcconfig"; path = "Target Support Files/Pods-Instagram Clone/Pods-Instagram Clone.debug.xcconfig"; sourceTree = "<group>"; };
		54ED0113CB590A18FA9A51CC /* Pods-Instagram Clone.release.xcconfig */ = {isa = PBXFileReference; includeInIndex = 1; lastKnownFileType = text.xcconfig; name = "Pods-Instagram Clone.release.xcconfig"; path = "Target Support Files/Pods-Instagram Clone/Pods-Instagram Clone.release.xcconfig"; sourceTree = "<group>"; };
		8E31527C24BFC765000DC5F3 /* Instagram Clone.app */ = {isa = PBXFileReference; explicitFileType = wrapper.application; includeInIndex = 0; path = "Instagram Clone.app"; sourceTree = BUILT_PRODUCTS_DIR; };
		8E31527F24BFC765000DC5F3 /* AppDelegate.swift */ = {isa = PBXFileReference; lastKnownFileType = sourcecode.swift; path = AppDelegate.swift; sourceTree = "<group>"; };
		8E31528124BFC765000DC5F3 /* SceneDelegate.swift */ = {isa = PBXFileReference; lastKnownFileType = sourcecode.swift; path = SceneDelegate.swift; sourceTree = "<group>"; };
		8E31528624BFC765000DC5F3 /* Base */ = {isa = PBXFileReference; lastKnownFileType = file.storyboard; name = Base; path = Base.lproj/Start.storyboard; sourceTree = "<group>"; };
		8E31528824BFC766000DC5F3 /* Assets.xcassets */ = {isa = PBXFileReference; lastKnownFileType = folder.assetcatalog; path = Assets.xcassets; sourceTree = "<group>"; };
		8E31528B24BFC766000DC5F3 /* Base */ = {isa = PBXFileReference; lastKnownFileType = file.storyboard; name = Base; path = Base.lproj/LaunchScreen.storyboard; sourceTree = "<group>"; };
		8E31528D24BFC766000DC5F3 /* Info.plist */ = {isa = PBXFileReference; lastKnownFileType = text.plist.xml; path = Info.plist; sourceTree = "<group>"; };
		8E31529324BFCB32000DC5F3 /* SignInViewController.swift */ = {isa = PBXFileReference; lastKnownFileType = sourcecode.swift; path = SignInViewController.swift; sourceTree = "<group>"; };
		8E43CC7924CF586100D460F8 /* GoogleService-Info.plist */ = {isa = PBXFileReference; fileEncoding = 4; lastKnownFileType = text.plist.xml; name = "GoogleService-Info.plist"; path = "../../../Downloads/GoogleService-Info.plist"; sourceTree = "<group>"; };
		8EAFA65224C0EEE900D6E1FA /* SignUpViewController.swift */ = {isa = PBXFileReference; lastKnownFileType = sourcecode.swift; path = SignUpViewController.swift; sourceTree = "<group>"; };
		8ECA5DF224C639E1005153AD /* HomeViewController.swift */ = {isa = PBXFileReference; lastKnownFileType = sourcecode.swift; path = HomeViewController.swift; sourceTree = "<group>"; };
		8ECA5DF424C63A31005153AD /* ExploreViewController.swift */ = {isa = PBXFileReference; lastKnownFileType = sourcecode.swift; path = ExploreViewController.swift; sourceTree = "<group>"; };
		8ECA5DF624C63A4C005153AD /* PostViewController.swift */ = {isa = PBXFileReference; lastKnownFileType = sourcecode.swift; path = PostViewController.swift; sourceTree = "<group>"; };
		8ECA5DF824C63A61005153AD /* NotificationsViewController.swift */ = {isa = PBXFileReference; lastKnownFileType = sourcecode.swift; path = NotificationsViewController.swift; sourceTree = "<group>"; };
		8ECA5DFA24C63A90005153AD /* ProfileViewController.swift */ = {isa = PBXFileReference; lastKnownFileType = sourcecode.swift; path = ProfileViewController.swift; sourceTree = "<group>"; };
		8ECA5DFC24C64B73005153AD /* Main.storyboard */ = {isa = PBXFileReference; fileEncoding = 4; lastKnownFileType = file.storyboard; path = Main.storyboard; sourceTree = "<group>"; };
		8ECA5DFE24C6552A005153AD /* Home.storyboard */ = {isa = PBXFileReference; fileEncoding = 4; lastKnownFileType = file.storyboard; path = Home.storyboard; sourceTree = "<group>"; };
		8ECA5E0024C65590005153AD /* Explore.storyboard */ = {isa = PBXFileReference; fileEncoding = 4; lastKnownFileType = file.storyboard; path = Explore.storyboard; sourceTree = "<group>"; };
		8ECA5E0224C655C5005153AD /* Post.storyboard */ = {isa = PBXFileReference; fileEncoding = 4; lastKnownFileType = file.storyboard; path = Post.storyboard; sourceTree = "<group>"; };
		8ECA5E0424C65620005153AD /* Notifications.storyboard */ = {isa = PBXFileReference; fileEncoding = 4; lastKnownFileType = file.storyboard; path = Notifications.storyboard; sourceTree = "<group>"; };
		8ECA5E0624C65681005153AD /* Profile.storyboard */ = {isa = PBXFileReference; fileEncoding = 4; lastKnownFileType = file.storyboard; path = Profile.storyboard; sourceTree = "<group>"; };
		C9E8EBD542DBCEB91F69BA13 /* Pods_Instagram_Clone.framework */ = {isa = PBXFileReference; explicitFileType = wrapper.framework; includeInIndex = 0; path = Pods_Instagram_Clone.framework; sourceTree = BUILT_PRODUCTS_DIR; };
/* End PBXFileReference section */

/* Begin PBXFrameworksBuildPhase section */
		8E31527924BFC765000DC5F3 /* Frameworks */ = {
			isa = PBXFrameworksBuildPhase;
			buildActionMask = 2147483647;
			files = (
				990A8D3778A0938D7BB4031A /* Pods_Instagram_Clone.framework in Frameworks */,
			);
			runOnlyForDeploymentPostprocessing = 0;
		};
/* End PBXFrameworksBuildPhase section */

/* Begin PBXGroup section */
		672946E88AA937C6CE7785F6 /* Frameworks */ = {
			isa = PBXGroup;
			children = (
				C9E8EBD542DBCEB91F69BA13 /* Pods_Instagram_Clone.framework */,
			);
			name = Frameworks;
			sourceTree = "<group>";
		};
		712191F31BBAE23D312C2A55 /* Pods */ = {
			isa = PBXGroup;
			children = (
				373FFAAC7E7248A3DEE6B875 /* Pods-Instagram Clone.debug.xcconfig */,
				54ED0113CB590A18FA9A51CC /* Pods-Instagram Clone.release.xcconfig */,
			);
			name = Pods;
			path = Pods;
			sourceTree = "<group>";
		};
		8E10DB2D24CA56AC0026A50B /* Storyboards */ = {
			isa = PBXGroup;
			children = (
				8E31528524BFC765000DC5F3 /* Start.storyboard */,
				8ECA5DFC24C64B73005153AD /* Main.storyboard */,
				8ECA5E0624C65681005153AD /* Profile.storyboard */,
				8ECA5E0424C65620005153AD /* Notifications.storyboard */,
				8ECA5E0224C655C5005153AD /* Post.storyboard */,
				8ECA5E0024C65590005153AD /* Explore.storyboard */,
				8ECA5DFE24C6552A005153AD /* Home.storyboard */,
			);
			path = Storyboards;
			sourceTree = "<group>";
		};
		8E10DB2E24CA56D00026A50B /* View Controllers */ = {
			isa = PBXGroup;
			children = (
				8E31529324BFCB32000DC5F3 /* SignInViewController.swift */,
				8ECA5DF224C639E1005153AD /* HomeViewController.swift */,
				8ECA5DF424C63A31005153AD /* ExploreViewController.swift */,
				8ECA5DF824C63A61005153AD /* NotificationsViewController.swift */,
				8ECA5DFA24C63A90005153AD /* ProfileViewController.swift */,
				8ECA5DF624C63A4C005153AD /* PostViewController.swift */,
				8EAFA65224C0EEE900D6E1FA /* SignUpViewController.swift */,
			);
			path = "View Controllers";
			sourceTree = "<group>";
		};
		8E31527324BFC765000DC5F3 = {
			isa = PBXGroup;
			children = (
				8E31527E24BFC765000DC5F3 /* Instagram Clone */,
				8E31527D24BFC765000DC5F3 /* Products */,
				712191F31BBAE23D312C2A55 /* Pods */,
				672946E88AA937C6CE7785F6 /* Frameworks */,
			);
			sourceTree = "<group>";
		};
		8E31527D24BFC765000DC5F3 /* Products */ = {
			isa = PBXGroup;
			children = (
				8E31527C24BFC765000DC5F3 /* Instagram Clone.app */,
			);
			name = Products;
			sourceTree = "<group>";
		};
		8E31527E24BFC765000DC5F3 /* Instagram Clone */ = {
			isa = PBXGroup;
			children = (
				8E43CC7924CF586100D460F8 /* GoogleService-Info.plist */,
				8E31527F24BFC765000DC5F3 /* AppDelegate.swift */,
				8E31528124BFC765000DC5F3 /* SceneDelegate.swift */,
				8E10DB2E24CA56D00026A50B /* View Controllers */,
				8E10DB2D24CA56AC0026A50B /* Storyboards */,
				8E31528824BFC766000DC5F3 /* Assets.xcassets */,
				8E31528A24BFC766000DC5F3 /* LaunchScreen.storyboard */,
				8E31528D24BFC766000DC5F3 /* Info.plist */,
			);
			path = "Instagram Clone";
			sourceTree = "<group>";
		};
/* End PBXGroup section */

/* Begin PBXNativeTarget section */
		8E31527B24BFC765000DC5F3 /* Instagram Clone */ = {
			isa = PBXNativeTarget;
			buildConfigurationList = 8E31529024BFC766000DC5F3 /* Build configuration list for PBXNativeTarget "Instagram Clone" */;
			buildPhases = (
				6EBEE73B3FE9067E307D784B /* [CP] Check Pods Manifest.lock */,
				8E31527824BFC765000DC5F3 /* Sources */,
				8E31527924BFC765000DC5F3 /* Frameworks */,
				8E31527A24BFC765000DC5F3 /* Resources */,
				BE9DCF50776CD9EBA785EC42 /* [CP] Embed Pods Frameworks */,
			);
			buildRules = (
			);
			dependencies = (
			);
			name = "Instagram Clone";
			productName = "Instagram Clone";
			productReference = 8E31527C24BFC765000DC5F3 /* Instagram Clone.app */;
			productType = "com.apple.product-type.application";
		};
/* End PBXNativeTarget section */

/* Begin PBXProject section */
		8E31527424BFC765000DC5F3 /* Project object */ = {
			isa = PBXProject;
			attributes = {
				LastSwiftUpdateCheck = 1150;
				LastUpgradeCheck = 1150;
				ORGANIZATIONNAME = "Riley Griffith";
				TargetAttributes = {
					8E31527B24BFC765000DC5F3 = {
						CreatedOnToolsVersion = 11.5;
					};
				};
			};
			buildConfigurationList = 8E31527724BFC765000DC5F3 /* Build configuration list for PBXProject "Instagram Clone" */;
			compatibilityVersion = "Xcode 9.3";
			developmentRegion = en;
			hasScannedForEncodings = 0;
			knownRegions = (
				en,
				Base,
			);
			mainGroup = 8E31527324BFC765000DC5F3;
			productRefGroup = 8E31527D24BFC765000DC5F3 /* Products */;
			projectDirPath = "";
			projectRoot = "";
			targets = (
				8E31527B24BFC765000DC5F3 /* Instagram Clone */,
			);
		};
/* End PBXProject section */

/* Begin PBXResourcesBuildPhase section */
		8E31527A24BFC765000DC5F3 /* Resources */ = {
			isa = PBXResourcesBuildPhase;
			buildActionMask = 2147483647;
			files = (
				8E31528C24BFC766000DC5F3 /* LaunchScreen.storyboard in Resources */,
				8ECA5E0524C65620005153AD /* Notifications.storyboard in Resources */,
				8ECA5DFF24C6552A005153AD /* Home.storyboard in Resources */,
				8E31528924BFC766000DC5F3 /* Assets.xcassets in Resources */,
				8E31528724BFC765000DC5F3 /* Start.storyboard in Resources */,
				8ECA5E0124C65590005153AD /* Explore.storyboard in Resources */,
				8ECA5E0724C65681005153AD /* Profile.storyboard in Resources */,
				8E43CC7A24CF586100D460F8 /* GoogleService-Info.plist in Resources */,
				8ECA5E0324C655C5005153AD /* Post.storyboard in Resources */,
				8ECA5DFD24C64B73005153AD /* Main.storyboard in Resources */,
			);
			runOnlyForDeploymentPostprocessing = 0;
		};
/* End PBXResourcesBuildPhase section */

/* Begin PBXShellScriptBuildPhase section */
		6EBEE73B3FE9067E307D784B /* [CP] Check Pods Manifest.lock */ = {
			isa = PBXShellScriptBuildPhase;
			buildActionMask = 2147483647;
			files = (
			);
			inputFileListPaths = (
			);
			inputPaths = (
				"${PODS_PODFILE_DIR_PATH}/Podfile.lock",
				"${PODS_ROOT}/Manifest.lock",
			);
			name = "[CP] Check Pods Manifest.lock";
			outputFileListPaths = (
			);
			outputPaths = (
				"$(DERIVED_FILE_DIR)/Pods-Instagram Clone-checkManifestLockResult.txt",
			);
			runOnlyForDeploymentPostprocessing = 0;
			shellPath = /bin/sh;
			shellScript = "diff \"${PODS_PODFILE_DIR_PATH}/Podfile.lock\" \"${PODS_ROOT}/Manifest.lock\" > /dev/null\nif [ $? != 0 ] ; then\n    # print error to STDERR\n    echo \"error: The sandbox is not in sync with the Podfile.lock. Run 'pod install' or update your CocoaPods installation.\" >&2\n    exit 1\nfi\n# This output is used by Xcode 'outputs' to avoid re-running this script phase.\necho \"SUCCESS\" > \"${SCRIPT_OUTPUT_FILE_0}\"\n";
			showEnvVarsInLog = 0;
		};
		BE9DCF50776CD9EBA785EC42 /* [CP] Embed Pods Frameworks */ = {
			isa = PBXShellScriptBuildPhase;
			buildActionMask = 2147483647;
			files = (
			);
			inputFileListPaths = (
				"${PODS_ROOT}/Target Support Files/Pods-Instagram Clone/Pods-Instagram Clone-frameworks-${CONFIGURATION}-input-files.xcfilelist",
			);
			name = "[CP] Embed Pods Frameworks";
			outputFileListPaths = (
				"${PODS_ROOT}/Target Support Files/Pods-Instagram Clone/Pods-Instagram Clone-frameworks-${CONFIGURATION}-output-files.xcfilelist",
			);
			runOnlyForDeploymentPostprocessing = 0;
			shellPath = /bin/sh;
			shellScript = "\"${PODS_ROOT}/Target Support Files/Pods-Instagram Clone/Pods-Instagram Clone-frameworks.sh\"\n";
			showEnvVarsInLog = 0;
		};
/* End PBXShellScriptBuildPhase section */

/* Begin PBXSourcesBuildPhase section */
		8E31527824BFC765000DC5F3 /* Sources */ = {
			isa = PBXSourcesBuildPhase;
			buildActionMask = 2147483647;
			files = (
				8ECA5DF324C639E1005153AD /* HomeViewController.swift in Sources */,
				8E31529424BFCB32000DC5F3 /* SignInViewController.swift in Sources */,
				8ECA5DF724C63A4C005153AD /* PostViewController.swift in Sources */,
				8ECA5DF524C63A31005153AD /* ExploreViewController.swift in Sources */,
				8E31528024BFC765000DC5F3 /* AppDelegate.swift in Sources */,
				8EAFA65324C0EEE900D6E1FA /* SignUpViewController.swift in Sources */,
				8ECA5DFB24C63A90005153AD /* ProfileViewController.swift in Sources */,
				8E31528224BFC765000DC5F3 /* SceneDelegate.swift in Sources */,
				8ECA5DF924C63A61005153AD /* NotificationsViewController.swift in Sources */,
			);
			runOnlyForDeploymentPostprocessing = 0;
		};
/* End PBXSourcesBuildPhase section */

/* Begin PBXVariantGroup section */
		8E31528524BFC765000DC5F3 /* Start.storyboard */ = {
			isa = PBXVariantGroup;
			children = (
				8E31528624BFC765000DC5F3 /* Base */,
			);
			name = Start.storyboard;
			sourceTree = "<group>";
		};
		8E31528A24BFC766000DC5F3 /* LaunchScreen.storyboard */ = {
			isa = PBXVariantGroup;
			children = (
				8E31528B24BFC766000DC5F3 /* Base */,
			);
			name = LaunchScreen.storyboard;
			sourceTree = "<group>";
		};
/* End PBXVariantGroup section */

/* Begin XCBuildConfiguration section */
		8E31528E24BFC766000DC5F3 /* Debug */ = {
			isa = XCBuildConfiguration;
			buildSettings = {
				ALWAYS_SEARCH_USER_PATHS = NO;
				CLANG_ANALYZER_NONNULL = YES;
				CLANG_ANALYZER_NUMBER_OBJECT_CONVERSION = YES_AGGRESSIVE;
				CLANG_CXX_LANGUAGE_STANDARD = "gnu++14";
				CLANG_CXX_LIBRARY = "libc++";
				CLANG_ENABLE_MODULES = YES;
				CLANG_ENABLE_OBJC_ARC = YES;
				CLANG_ENABLE_OBJC_WEAK = YES;
				CLANG_WARN_BLOCK_CAPTURE_AUTORELEASING = YES;
				CLANG_WARN_BOOL_CONVERSION = YES;
				CLANG_WARN_COMMA = YES;
				CLANG_WARN_CONSTANT_CONVERSION = YES;
				CLANG_WARN_DEPRECATED_OBJC_IMPLEMENTATIONS = YES;
				CLANG_WARN_DIRECT_OBJC_ISA_USAGE = YES_ERROR;
				CLANG_WARN_DOCUMENTATION_COMMENTS = YES;
				CLANG_WARN_EMPTY_BODY = YES;
				CLANG_WARN_ENUM_CONVERSION = YES;
				CLANG_WARN_INFINITE_RECURSION = YES;
				CLANG_WARN_INT_CONVERSION = YES;
				CLANG_WARN_NON_LITERAL_NULL_CONVERSION = YES;
				CLANG_WARN_OBJC_IMPLICIT_RETAIN_SELF = YES;
				CLANG_WARN_OBJC_LITERAL_CONVERSION = YES;
				CLANG_WARN_OBJC_ROOT_CLASS = YES_ERROR;
				CLANG_WARN_RANGE_LOOP_ANALYSIS = YES;
				CLANG_WARN_STRICT_PROTOTYPES = YES;
				CLANG_WARN_SUSPICIOUS_MOVE = YES;
				CLANG_WARN_UNGUARDED_AVAILABILITY = YES_AGGRESSIVE;
				CLANG_WARN_UNREACHABLE_CODE = YES;
				CLANG_WARN__DUPLICATE_METHOD_MATCH = YES;
				COPY_PHASE_STRIP = NO;
				DEBUG_INFORMATION_FORMAT = dwarf;
				ENABLE_STRICT_OBJC_MSGSEND = YES;
				ENABLE_TESTABILITY = YES;
				GCC_C_LANGUAGE_STANDARD = gnu11;
				GCC_DYNAMIC_NO_PIC = NO;
				GCC_NO_COMMON_BLOCKS = YES;
				GCC_OPTIMIZATION_LEVEL = 0;
				GCC_PREPROCESSOR_DEFINITIONS = (
					"DEBUG=1",
					"$(inherited)",
				);
				GCC_WARN_64_TO_32_BIT_CONVERSION = YES;
				GCC_WARN_ABOUT_RETURN_TYPE = YES_ERROR;
				GCC_WARN_UNDECLARED_SELECTOR = YES;
				GCC_WARN_UNINITIALIZED_AUTOS = YES_AGGRESSIVE;
				GCC_WARN_UNUSED_FUNCTION = YES;
				GCC_WARN_UNUSED_VARIABLE = YES;
				IPHONEOS_DEPLOYMENT_TARGET = 13.5;
				MTL_ENABLE_DEBUG_INFO = INCLUDE_SOURCE;
				MTL_FAST_MATH = YES;
				ONLY_ACTIVE_ARCH = YES;
				SDKROOT = iphoneos;
				SWIFT_ACTIVE_COMPILATION_CONDITIONS = DEBUG;
				SWIFT_OPTIMIZATION_LEVEL = "-Onone";
			};
			name = Debug;
		};
		8E31528F24BFC766000DC5F3 /* Release */ = {
			isa = XCBuildConfiguration;
			buildSettings = {
				ALWAYS_SEARCH_USER_PATHS = NO;
				CLANG_ANALYZER_NONNULL = YES;
				CLANG_ANALYZER_NUMBER_OBJECT_CONVERSION = YES_AGGRESSIVE;
				CLANG_CXX_LANGUAGE_STANDARD = "gnu++14";
				CLANG_CXX_LIBRARY = "libc++";
				CLANG_ENABLE_MODULES = YES;
				CLANG_ENABLE_OBJC_ARC = YES;
				CLANG_ENABLE_OBJC_WEAK = YES;
				CLANG_WARN_BLOCK_CAPTURE_AUTORELEASING = YES;
				CLANG_WARN_BOOL_CONVERSION = YES;
				CLANG_WARN_COMMA = YES;
				CLANG_WARN_CONSTANT_CONVERSION = YES;
				CLANG_WARN_DEPRECATED_OBJC_IMPLEMENTATIONS = YES;
				CLANG_WARN_DIRECT_OBJC_ISA_USAGE = YES_ERROR;
				CLANG_WARN_DOCUMENTATION_COMMENTS = YES;
				CLANG_WARN_EMPTY_BODY = YES;
				CLANG_WARN_ENUM_CONVERSION = YES;
				CLANG_WARN_INFINITE_RECURSION = YES;
				CLANG_WARN_INT_CONVERSION = YES;
				CLANG_WARN_NON_LITERAL_NULL_CONVERSION = YES;
				CLANG_WARN_OBJC_IMPLICIT_RETAIN_SELF = YES;
				CLANG_WARN_OBJC_LITERAL_CONVERSION = YES;
				CLANG_WARN_OBJC_ROOT_CLASS = YES_ERROR;
				CLANG_WARN_RANGE_LOOP_ANALYSIS = YES;
				CLANG_WARN_STRICT_PROTOTYPES = YES;
				CLANG_WARN_SUSPICIOUS_MOVE = YES;
				CLANG_WARN_UNGUARDED_AVAILABILITY = YES_AGGRESSIVE;
				CLANG_WARN_UNREACHABLE_CODE = YES;
				CLANG_WARN__DUPLICATE_METHOD_MATCH = YES;
				COPY_PHASE_STRIP = NO;
				DEBUG_INFORMATION_FORMAT = "dwarf-with-dsym";
				ENABLE_NS_ASSERTIONS = NO;
				ENABLE_STRICT_OBJC_MSGSEND = YES;
				GCC_C_LANGUAGE_STANDARD = gnu11;
				GCC_NO_COMMON_BLOCKS = YES;
				GCC_WARN_64_TO_32_BIT_CONVERSION = YES;
				GCC_WARN_ABOUT_RETURN_TYPE = YES_ERROR;
				GCC_WARN_UNDECLARED_SELECTOR = YES;
				GCC_WARN_UNINITIALIZED_AUTOS = YES_AGGRESSIVE;
				GCC_WARN_UNUSED_FUNCTION = YES;
				GCC_WARN_UNUSED_VARIABLE = YES;
				IPHONEOS_DEPLOYMENT_TARGET = 13.5;
				MTL_ENABLE_DEBUG_INFO = NO;
				MTL_FAST_MATH = YES;
				SDKROOT = iphoneos;
				SWIFT_COMPILATION_MODE = wholemodule;
				SWIFT_OPTIMIZATION_LEVEL = "-O";
				VALIDATE_PRODUCT = YES;
			};
			name = Release;
		};
		8E31529124BFC766000DC5F3 /* Debug */ = {
			isa = XCBuildConfiguration;
			baseConfigurationReference = 373FFAAC7E7248A3DEE6B875 /* Pods-Instagram Clone.debug.xcconfig */;
			buildSettings = {
				ASSETCATALOG_COMPILER_APPICON_NAME = AppIcon;
				CODE_SIGN_STYLE = Automatic;
				DEVELOPMENT_TEAM = 8K4R4UL4L9;
				INFOPLIST_FILE = "Instagram Clone/Info.plist";
				LD_RUNPATH_SEARCH_PATHS = (
					"$(inherited)",
					"@executable_path/Frameworks",
				);
				PRODUCT_BUNDLE_IDENTIFIER = "com.rileygriffith.Instagram-Clone";
				PRODUCT_NAME = "$(TARGET_NAME)";
				SWIFT_VERSION = 5.0;
				TARGETED_DEVICE_FAMILY = "1,2";
			};
			name = Debug;
		};
		8E31529224BFC766000DC5F3 /* Release */ = {
			isa = XCBuildConfiguration;
			baseConfigurationReference = 54ED0113CB590A18FA9A51CC /* Pods-Instagram Clone.release.xcconfig */;
			buildSettings = {
				ASSETCATALOG_COMPILER_APPICON_NAME = AppIcon;
				CODE_SIGN_STYLE = Automatic;
				DEVELOPMENT_TEAM = 8K4R4UL4L9;
				INFOPLIST_FILE = "Instagram Clone/Info.plist";
				LD_RUNPATH_SEARCH_PATHS = (
					"$(inherited)",
					"@executable_path/Frameworks",
				);
				PRODUCT_BUNDLE_IDENTIFIER = "com.rileygriffith.Instagram-Clone";
				PRODUCT_NAME = "$(TARGET_NAME)";
				SWIFT_VERSION = 5.0;
				TARGETED_DEVICE_FAMILY = "1,2";
			};
			name = Release;
		};
/* End XCBuildConfiguration section */

/* Begin XCConfigurationList section */
		8E31527724BFC765000DC5F3 /* Build configuration list for PBXProject "Instagram Clone" */ = {
			isa = XCConfigurationList;
			buildConfigurations = (
				8E31528E24BFC766000DC5F3 /* Debug */,
				8E31528F24BFC766000DC5F3 /* Release */,
			);
			defaultConfigurationIsVisible = 0;
			defaultConfigurationName = Release;
		};
		8E31529024BFC766000DC5F3 /* Build configuration list for PBXNativeTarget "Instagram Clone" */ = {
			isa = XCConfigurationList;
			buildConfigurations = (
				8E31529124BFC766000DC5F3 /* Debug */,
				8E31529224BFC766000DC5F3 /* Release */,
			);
			defaultConfigurationIsVisible = 0;
			defaultConfigurationName = Release;
		};
/* End XCConfigurationList section */
	};
	rootObject = 8E31527424BFC765000DC5F3 /* Project object */;
}
